{
  "nodes": {
    "darwin": {
      "inputs": {
        "nixpkgs": [
          "nixpkgs"
        ]
      },
      "locked": {
        "lastModified": 1650976225,
        "narHash": "sha256-PGM65SQHS63Dd5MmLJo3GJsZP9lJVZmpWxluQoG1Dt8=",
        "owner": "lnl7",
        "repo": "nix-darwin",
        "rev": "bb3baef6e115ae47bc2ab4973bd3a486488485b0",
        "type": "github"
      },
      "original": {
        "owner": "lnl7",
        "ref": "master",
        "repo": "nix-darwin",
        "type": "github"
      }
    },
    "home-manager": {
      "inputs": {
        "nixpkgs": [
          "nixpkgs"
        ]
      },
      "locked": {
        "lastModified": 1651527459,
        "narHash": "sha256-7w5q5um+cjue59/JIqteCrObnD1hjd+Zh9Dev4Vl1rU=",
        "owner": "nix-community",
        "repo": "home-manager",
        "rev": "af828536ed7fff012fe9278f67a30be8ee3f5b24",
        "type": "github"
      },
      "original": {
        "owner": "nix-community",
        "repo": "home-manager",
        "type": "github"
      }
    },
    "nixpkgs": {
      "locked": {
        "lastModified": 1651007983,
        "narHash": "sha256-GNay7yDPtLcRcKCNHldug85AhAvBpTtPEJWSSDYBw8U=",
        "owner": "nixos",
        "repo": "nixpkgs",
        "rev": "e10da1c7f542515b609f8dfbcf788f3d85b14936",
        "type": "github"
      },
      "original": {
        "owner": "nixos",
        "ref": "nixos-unstable",
        "repo": "nixpkgs",
        "type": "github"
      }
    },
    "nur": {
      "locked": {
        "lastModified": 1651527500,
        "narHash": "sha256-ThkFvVXpPZePfycycwPM8tDXYB63a8TPCS5kzHDSvjU=",
        "owner": "nix-community",
        "repo": "NUR",
        "rev": "d7d55360802403c4247875f2da44d3c98a099dd2",
        "type": "github"
      },
      "original": {
        "owner": "nix-community",
        "repo": "NUR",
        "type": "github"
      }
    },
    "pinebook-pro": {
      "flake": false,
      "locked": {
        "lastModified": 1648577588,
        "narHash": "sha256-ur0wxh0hrQH2BiFBxfmm16dJtS+tGzIU9EN3EZpSCpQ=",
        "owner": "samueldr",
        "repo": "wip-pinebook-pro",
        "rev": "97751d24818f5fdc7abf4418fcfcc31fecfcc18a",
        "type": "github"
      },
      "original": {
        "owner": "samueldr",
        "repo": "wip-pinebook-pro",
        "type": "github"
      }
    },
    "root": {
      "inputs": {
        "darwin": "darwin",
        "home-manager": "home-manager",
        "nixpkgs": "nixpkgs",
        "nur": "nur",
        "pinebook-pro": "pinebook-pro"
      }
    }
  },
  "root": "root",
  "version": 7
}
